
Microsoft Visual Studio Solution File, Format Version 12.00
# Visual Studio Version 17
VisualStudioVersion = 17.0.32014.148
MinimumVisualStudioVersion = 10.0.40219.1
Project("{FAE04EC0-301F-11D3-BF4B-00C04F79EFBC}") = "lab12", "lab12\lab12.csproj", "{E8BAD4C6-A3AB-424F-AFAE-9246BAD23329}"
EndProject
Global
	GlobalSection(SolutionConfigurationPlatforms) = preSolution
		Debug|Any CPU = Debug|Any CPU
		Release|Any CPU = Release|Any CPU
	EndGlobalSection
	GlobalSection(ProjectConfigurationPlatforms) = postSolution
		{E8BAD4C6-A3AB-424F-AFAE-9246BAD23329}.Debug|Any CPU.ActiveCfg = Debug|Any CPU
		{E8BAD4C6-A3AB-424F-AFAE-9246BAD23329}.Debug|Any CPU.Build.0 = Debug|Any CPU
		{E8BAD4C6-A3AB-424F-AFAE-9246BAD23329}.Release|Any CPU.ActiveCfg = Release|Any CPU
		{E8BAD4C6-A3AB-424F-AFAE-9246BAD23329}.Release|Any CPU.Build.0 = Release|Any CPU
	EndGlobalSection
	GlobalSection(SolutionProperties) = preSolution
		HideSolutionNode = FALSE
	EndGlobalSection
	GlobalSection(ExtensibilityGlobals) = postSolution
		SolutionGuid = {F1A96A1F-3FB7-49BC-81D7-C43C714E9C0B}
	EndGlobalSection
EndGlobal
